
Microsoft Visual Studio Solution File, Format Version 12.00
# Visual Studio 15
VisualStudioVersion = 15.0.28307.136
MinimumVisualStudioVersion = 10.0.40219.1
Project("{9A19103F-16F7-4668-BE54-9A1E7A4F7556}") = "SQLiteBackup", "SQLiteBackup\SQLiteBackup.csproj", "{09608F34-4CDA-44CD-90C6-298747BC00AF}"
EndProject
Project("{FAE04EC0-301F-11D3-BF4B-00C04F79EFBC}") = "WindowsFormsTest", "WindowsFormsTest\WindowsFormsTest.csproj", "{59AF14DB-31AC-47DB-A345-CC07CEA3E666}"
EndProject
Global
	GlobalSection(SolutionConfigurationPlatforms) = preSolution
		Debug|Any CPU = Debug|Any CPU
		Release|Any CPU = Release|Any CPU
	EndGlobalSection
	GlobalSection(ProjectConfigurationPlatforms) = postSolution
		{09608F34-4CDA-44CD-90C6-298747BC00AF}.Debug|Any CPU.ActiveCfg = Debug|Any CPU
		{09608F34-4CDA-44CD-90C6-298747BC00AF}.Debug|Any CPU.Build.0 = Debug|Any CPU
		{09608F34-4CDA-44CD-90C6-298747BC00AF}.Release|Any CPU.ActiveCfg = Release|Any CPU
		{09608F34-4CDA-44CD-90C6-298747BC00AF}.Release|Any CPU.Build.0 = Release|Any CPU
		{59AF14DB-31AC-47DB-A345-CC07CEA3E666}.Debug|Any CPU.ActiveCfg = Debug|Any CPU
		{59AF14DB-31AC-47DB-A345-CC07CEA3E666}.Debug|Any CPU.Build.0 = Debug|Any CPU
		{59AF14DB-31AC-47DB-A345-CC07CEA3E666}.Release|Any CPU.ActiveCfg = Release|Any CPU
		{59AF14DB-31AC-47DB-A345-CC07CEA3E666}.Release|Any CPU.Build.0 = Release|Any CPU
	EndGlobalSection
	GlobalSection(SolutionProperties) = preSolution
		HideSolutionNode = FALSE
	EndGlobalSection
	GlobalSection(ExtensibilityGlobals) = postSolution
		SolutionGuid = {F5AD2A50-FE34-4217-AE94-7084020C44FE}
	EndGlobalSection
EndGlobal
